
Microsoft Visual Studio Solution File, Format Version 12.00
# Visual Studio 14
VisualStudioVersion = 14.0.23107.0
MinimumVisualStudioVersion = 10.0.40219.1
Project("{FAE04EC0-301F-11D3-BF4B-00C04F79EFBC}") = "01.Point3DApplication", "01.Point3DApplication\01.Point3DApplication.csproj", "{D63E202E-BD29-4228-8542-73B9279C1E8F}"
EndProject
Project("{FAE04EC0-301F-11D3-BF4B-00C04F79EFBC}") = "02.DistanceCalculatorApp", "02.DistanceCalculatorApp\02.DistanceCalculatorApp.csproj", "{20B57D8B-CF44-4EC8-943E-F1BAD531A3F0}"
EndProject
Project("{FAE04EC0-301F-11D3-BF4B-00C04F79EFBC}") = "Paths3DMain", "Paths3DMain\Paths3DMain.csproj", "{2317EDF4-76B2-4FC9-8938-CDCC05E90CBF}"
EndProject
Project("{FAE04EC0-301F-11D3-BF4B-00C04F79EFBC}") = "Geometry", "Geometry\Geometry.csproj", "{BF2A0FD4-BCD9-4593-8542-088544961A76}"
EndProject
Project("{FAE04EC0-301F-11D3-BF4B-00C04F79EFBC}") = "05.HTMLDispatcher", "05.HTMLDispatcher\05.HTMLDispatcher.csproj", "{9663BCD5-FADA-4DF5-BFE0-A7F7BECDF0A9}"
EndProject
Global
	GlobalSection(SolutionConfigurationPlatforms) = preSolution
		Debug|Any CPU = Debug|Any CPU
		Release|Any CPU = Release|Any CPU
	EndGlobalSection
	GlobalSection(ProjectConfigurationPlatforms) = postSolution
		{D63E202E-BD29-4228-8542-73B9279C1E8F}.Debug|Any CPU.ActiveCfg = Debug|Any CPU
		{D63E202E-BD29-4228-8542-73B9279C1E8F}.Debug|Any CPU.Build.0 = Debug|Any CPU
		{D63E202E-BD29-4228-8542-73B9279C1E8F}.Release|Any CPU.ActiveCfg = Release|Any CPU
		{D63E202E-BD29-4228-8542-73B9279C1E8F}.Release|Any CPU.Build.0 = Release|Any CPU
		{20B57D8B-CF44-4EC8-943E-F1BAD531A3F0}.Debug|Any CPU.ActiveCfg = Debug|Any CPU
		{20B57D8B-CF44-4EC8-943E-F1BAD531A3F0}.Debug|Any CPU.Build.0 = Debug|Any CPU
		{20B57D8B-CF44-4EC8-943E-F1BAD531A3F0}.Release|Any CPU.ActiveCfg = Release|Any CPU
		{20B57D8B-CF44-4EC8-943E-F1BAD531A3F0}.Release|Any CPU.Build.0 = Release|Any CPU
		{2317EDF4-76B2-4FC9-8938-CDCC05E90CBF}.Debug|Any CPU.ActiveCfg = Debug|Any CPU
		{2317EDF4-76B2-4FC9-8938-CDCC05E90CBF}.Debug|Any CPU.Build.0 = Debug|Any CPU
		{2317EDF4-76B2-4FC9-8938-CDCC05E90CBF}.Release|Any CPU.ActiveCfg = Release|Any CPU
		{2317EDF4-76B2-4FC9-8938-CDCC05E90CBF}.Release|Any CPU.Build.0 = Release|Any CPU
		{BF2A0FD4-BCD9-4593-8542-088544961A76}.Debug|Any CPU.ActiveCfg = Debug|Any CPU
		{BF2A0FD4-BCD9-4593-8542-088544961A76}.Debug|Any CPU.Build.0 = Debug|Any CPU
		{BF2A0FD4-BCD9-4593-8542-088544961A76}.Release|Any CPU.ActiveCfg = Release|Any CPU
		{BF2A0FD4-BCD9-4593-8542-088544961A76}.Release|Any CPU.Build.0 = Release|Any CPU
		{9663BCD5-FADA-4DF5-BFE0-A7F7BECDF0A9}.Debug|Any CPU.ActiveCfg = Debug|Any CPU
		{9663BCD5-FADA-4DF5-BFE0-A7F7BECDF0A9}.Debug|Any CPU.Build.0 = Debug|Any CPU
		{9663BCD5-FADA-4DF5-BFE0-A7F7BECDF0A9}.Release|Any CPU.ActiveCfg = Release|Any CPU
		{9663BCD5-FADA-4DF5-BFE0-A7F7BECDF0A9}.Release|Any CPU.Build.0 = Release|Any CPU
	EndGlobalSection
	GlobalSection(SolutionProperties) = preSolution
		HideSolutionNode = FALSE
	EndGlobalSection
EndGlobal
