
Microsoft Visual Studio Solution File, Format Version 12.00
# Visual Studio 14
VisualStudioVersion = 14.0.25420.1
MinimumVisualStudioVersion = 10.0.40219.1
Project("{FAE04EC0-301F-11D3-BF4B-00C04F79EFBC}") = "2_1_Reverse-Numbers-with-Stack", "2_Linear-Data-Structures-Stacks-and-Queues\2_1_Reverse-Numbers-with-Stack.csproj", "{2BC7D82D-FD99-4C33-99B0-85D18015B374}"
EndProject
Global
	GlobalSection(SolutionConfigurationPlatforms) = preSolution
		Debug|Any CPU = Debug|Any CPU
		Release|Any CPU = Release|Any CPU
	EndGlobalSection
	GlobalSection(ProjectConfigurationPlatforms) = postSolution
		{2BC7D82D-FD99-4C33-99B0-85D18015B374}.Debug|Any CPU.ActiveCfg = Debug|Any CPU
		{2BC7D82D-FD99-4C33-99B0-85D18015B374}.Debug|Any CPU.Build.0 = Debug|Any CPU
		{2BC7D82D-FD99-4C33-99B0-85D18015B374}.Release|Any CPU.ActiveCfg = Release|Any CPU
		{2BC7D82D-FD99-4C33-99B0-85D18015B374}.Release|Any CPU.Build.0 = Release|Any CPU
	EndGlobalSection
	GlobalSection(SolutionProperties) = preSolution
		HideSolutionNode = FALSE
	EndGlobalSection
EndGlobal
