
Microsoft Visual Studio Solution File, Format Version 12.00
# Visual Studio 14
VisualStudioVersion = 14.0.25420.1
MinimumVisualStudioVersion = 10.0.40219.1
Project("{FAE04EC0-301F-11D3-BF4B-00C04F79EFBC}") = "2_2_Calculate-Sequence-with-Queue", "2_2_Calculate-Sequence-with-Queue\2_2_Calculate-Sequence-with-Queue.csproj", "{083A5C80-07E5-4E03-8056-AE0A4F8A8CBB}"
EndProject
Project("{FAE04EC0-301F-11D3-BF4B-00C04F79EFBC}") = "2_1_Reverse-Numbers-With-Stack", "2_1_Reverse-Numbers-With-Stack\2_1_Reverse-Numbers-With-Stack.csproj", "{C1CE464B-F355-491C-826B-CBC290E2D35D}"
EndProject
Project("{FAE04EC0-301F-11D3-BF4B-00C04F79EFBC}") = "2_3_Array-Based-Stack", "2_3_Array-Based-Stack\2_3_Array-Based-Stack.csproj", "{4016113C-F14C-424A-B8DD-0D0C0F1A4117}"
EndProject
Project("{FAE04EC0-301F-11D3-BF4B-00C04F79EFBC}") = "2_3_1_Array-Based-Stack.Testst", "2_3_1_Array-Based-Stack.Testst\2_3_1_Array-Based-Stack.Testst.csproj", "{17126F51-3123-4BAF-85FD-F2E81E1C0F4F}"
EndProject
Global
	GlobalSection(SolutionConfigurationPlatforms) = preSolution
		Debug|Any CPU = Debug|Any CPU
		Release|Any CPU = Release|Any CPU
	EndGlobalSection
	GlobalSection(ProjectConfigurationPlatforms) = postSolution
		{083A5C80-07E5-4E03-8056-AE0A4F8A8CBB}.Debug|Any CPU.ActiveCfg = Debug|Any CPU
		{083A5C80-07E5-4E03-8056-AE0A4F8A8CBB}.Debug|Any CPU.Build.0 = Debug|Any CPU
		{083A5C80-07E5-4E03-8056-AE0A4F8A8CBB}.Release|Any CPU.ActiveCfg = Release|Any CPU
		{083A5C80-07E5-4E03-8056-AE0A4F8A8CBB}.Release|Any CPU.Build.0 = Release|Any CPU
		{C1CE464B-F355-491C-826B-CBC290E2D35D}.Debug|Any CPU.ActiveCfg = Debug|Any CPU
		{C1CE464B-F355-491C-826B-CBC290E2D35D}.Debug|Any CPU.Build.0 = Debug|Any CPU
		{C1CE464B-F355-491C-826B-CBC290E2D35D}.Release|Any CPU.ActiveCfg = Release|Any CPU
		{C1CE464B-F355-491C-826B-CBC290E2D35D}.Release|Any CPU.Build.0 = Release|Any CPU
		{4016113C-F14C-424A-B8DD-0D0C0F1A4117}.Debug|Any CPU.ActiveCfg = Debug|Any CPU
		{4016113C-F14C-424A-B8DD-0D0C0F1A4117}.Debug|Any CPU.Build.0 = Debug|Any CPU
		{4016113C-F14C-424A-B8DD-0D0C0F1A4117}.Release|Any CPU.ActiveCfg = Release|Any CPU
		{4016113C-F14C-424A-B8DD-0D0C0F1A4117}.Release|Any CPU.Build.0 = Release|Any CPU
		{17126F51-3123-4BAF-85FD-F2E81E1C0F4F}.Debug|Any CPU.ActiveCfg = Debug|Any CPU
		{17126F51-3123-4BAF-85FD-F2E81E1C0F4F}.Debug|Any CPU.Build.0 = Debug|Any CPU
		{17126F51-3123-4BAF-85FD-F2E81E1C0F4F}.Release|Any CPU.ActiveCfg = Release|Any CPU
		{17126F51-3123-4BAF-85FD-F2E81E1C0F4F}.Release|Any CPU.Build.0 = Release|Any CPU
	EndGlobalSection
	GlobalSection(SolutionProperties) = preSolution
		HideSolutionNode = FALSE
	EndGlobalSection
EndGlobal
