
Microsoft Visual Studio Solution File, Format Version 12.00
# Visual Studio 14
VisualStudioVersion = 14.0.23107.0
MinimumVisualStudioVersion = 10.0.40219.1
Project("{FAE04EC0-301F-11D3-BF4B-00C04F79EFBC}") = "01.SquareRoot", "01.SquareRoot\01.SquareRoot.csproj", "{C356847C-29BF-4E9E-97C1-8B82FB6309AB}"
EndProject
Project("{FAE04EC0-301F-11D3-BF4B-00C04F79EFBC}") = "02.EnterNumbers", "02.EnterNumbers\02.EnterNumbers.csproj", "{23677476-37F4-45C9-8AE6-8365E0A0CD8D}"
EndProject
Global
	GlobalSection(SolutionConfigurationPlatforms) = preSolution
		Debug|Any CPU = Debug|Any CPU
		Release|Any CPU = Release|Any CPU
	EndGlobalSection
	GlobalSection(ProjectConfigurationPlatforms) = postSolution
		{C356847C-29BF-4E9E-97C1-8B82FB6309AB}.Debug|Any CPU.ActiveCfg = Debug|Any CPU
		{C356847C-29BF-4E9E-97C1-8B82FB6309AB}.Debug|Any CPU.Build.0 = Debug|Any CPU
		{C356847C-29BF-4E9E-97C1-8B82FB6309AB}.Release|Any CPU.ActiveCfg = Release|Any CPU
		{C356847C-29BF-4E9E-97C1-8B82FB6309AB}.Release|Any CPU.Build.0 = Release|Any CPU
		{23677476-37F4-45C9-8AE6-8365E0A0CD8D}.Debug|Any CPU.ActiveCfg = Debug|Any CPU
		{23677476-37F4-45C9-8AE6-8365E0A0CD8D}.Debug|Any CPU.Build.0 = Debug|Any CPU
		{23677476-37F4-45C9-8AE6-8365E0A0CD8D}.Release|Any CPU.ActiveCfg = Release|Any CPU
		{23677476-37F4-45C9-8AE6-8365E0A0CD8D}.Release|Any CPU.Build.0 = Release|Any CPU
	EndGlobalSection
	GlobalSection(SolutionProperties) = preSolution
		HideSolutionNode = FALSE
	EndGlobalSection
EndGlobal
